
Microsoft Visual Studio Solution File, Format Version 12.00
Project("{FAE04EC0-301F-11D3-BF4B-00C04F79EFBC}") = "MediatRDemo", "MediatRDemo\MediatRDemo.csproj", "{DFB4D650-378C-4870-8A3B-00187165C63E}"
EndProject
Project("{FAE04EC0-301F-11D3-BF4B-00C04F79EFBC}") = "WebApi_Application", "WebApi_Application\WebApi_Application.csproj", "{DB18DA35-5F40-4D1B-901C-96660C8F2028}"
EndProject
Project("{FAE04EC0-301F-11D3-BF4B-00C04F79EFBC}") = "Module_WorldDemo", "Module_WorldDemo\Module_WorldDemo.csproj", "{0DC36994-24F9-4D86-BA20-95CD22C0E7BB}"
EndProject
Global
	GlobalSection(SolutionConfigurationPlatforms) = preSolution
		Debug|Any CPU = Debug|Any CPU
		Release|Any CPU = Release|Any CPU
	EndGlobalSection
	GlobalSection(ProjectConfigurationPlatforms) = postSolution
		{DFB4D650-378C-4870-8A3B-00187165C63E}.Debug|Any CPU.ActiveCfg = Debug|Any CPU
		{DFB4D650-378C-4870-8A3B-00187165C63E}.Debug|Any CPU.Build.0 = Debug|Any CPU
		{DFB4D650-378C-4870-8A3B-00187165C63E}.Release|Any CPU.ActiveCfg = Release|Any CPU
		{DFB4D650-378C-4870-8A3B-00187165C63E}.Release|Any CPU.Build.0 = Release|Any CPU
		{DB18DA35-5F40-4D1B-901C-96660C8F2028}.Debug|Any CPU.ActiveCfg = Debug|Any CPU
		{DB18DA35-5F40-4D1B-901C-96660C8F2028}.Debug|Any CPU.Build.0 = Debug|Any CPU
		{DB18DA35-5F40-4D1B-901C-96660C8F2028}.Release|Any CPU.ActiveCfg = Release|Any CPU
		{DB18DA35-5F40-4D1B-901C-96660C8F2028}.Release|Any CPU.Build.0 = Release|Any CPU
		{0DC36994-24F9-4D86-BA20-95CD22C0E7BB}.Debug|Any CPU.ActiveCfg = Debug|Any CPU
		{0DC36994-24F9-4D86-BA20-95CD22C0E7BB}.Debug|Any CPU.Build.0 = Debug|Any CPU
		{0DC36994-24F9-4D86-BA20-95CD22C0E7BB}.Release|Any CPU.ActiveCfg = Release|Any CPU
		{0DC36994-24F9-4D86-BA20-95CD22C0E7BB}.Release|Any CPU.Build.0 = Release|Any CPU
	EndGlobalSection
EndGlobal
