
Microsoft Visual Studio Solution File, Format Version 12.00
# Visual Studio Version 16
VisualStudioVersion = 16.0.30413.136
MinimumVisualStudioVersion = 10.0.40219.1
Project("{9A19103F-16F7-4668-BE54-9A1E7A4F7556}") = "ConsoleApplication", "ConsoleApplication\ConsoleApplication.csproj", "{40E8964C-9872-4F31-955F-B170CEE794D7}"
EndProject
Project("{9A19103F-16F7-4668-BE54-9A1E7A4F7556}") = "WebApplication_API", "WebApplication_API\WebApplication_API.csproj", "{10529F56-907C-44C9-8C3C-65D6B3AAA27E}"
EndProject
Project("{9A19103F-16F7-4668-BE54-9A1E7A4F7556}") = "XUnitTestProject", "XUnitTestProject\XUnitTestProject.csproj", "{000A59D8-42A6-4EF9-B5F1-8116290BE79F}"
EndProject
Project("{9A19103F-16F7-4668-BE54-9A1E7A4F7556}") = "ConsoleApplication_Client", "ConsoleApplication_Client\ConsoleApplication_Client.csproj", "{BAAA3ED0-BA6E-4E9B-815E-E1DDB5ABE913}"
EndProject
Project("{9A19103F-16F7-4668-BE54-9A1E7A4F7556}") = "BenchmarkTest", "BenchmarkTest\BenchmarkTest.csproj", "{917B3783-9943-4977-90D7-E068D203E0BE}"
EndProject
Project("{9A19103F-16F7-4668-BE54-9A1E7A4F7556}") = "WebApplication_UI", "WebApplication_UI\WebApplication_UI.csproj", "{D0AAA6C9-CB3D-453E-99F8-61C0FA029BCF}"
EndProject
Project("{9A19103F-16F7-4668-BE54-9A1E7A4F7556}") = "HelperClassLibrary", "HelperClassLibrary\HelperClassLibrary.csproj", "{4502095D-3BC8-458B-A17C-9C80E6EE754C}"
EndProject
Project("{9A19103F-16F7-4668-BE54-9A1E7A4F7556}") = "APIClientClassLibrary", "APIClientClassLibrary\APIClientClassLibrary.csproj", "{328FEB26-1797-4006-86E3-F99C2BD2091A}"
EndProject
Project("{9A19103F-16F7-4668-BE54-9A1E7A4F7556}") = "DbMigrations", "DbMigrations\DbMigrations.csproj", "{CB79AF96-587E-4319-B479-DE90F05DE9B0}"
EndProject
Project("{9A19103F-16F7-4668-BE54-9A1E7A4F7556}") = "ModelClassLibrary", "ModelClassLibrary\ModelClassLibrary.csproj", "{7DFC102A-DB9E-4295-92F7-51987601BF14}"
EndProject
Project("{9A19103F-16F7-4668-BE54-9A1E7A4F7556}") = "MSTestProject", "MSTestProject\MSTestProject.csproj", "{1430B773-7677-4AB0-8BEE-E8064FD2F9C9}"
EndProject
Project("{9A19103F-16F7-4668-BE54-9A1E7A4F7556}") = "StartupModule", "StartupModule\StartupModule.csproj", "{5C62D64A-40C1-4921-ADF2-F66339D7ECB3}"
EndProject
Project("{9A19103F-16F7-4668-BE54-9A1E7A4F7556}") = "StartupModule.TestWebApp", "StartupModule.TestWebApp\StartupModule.TestWebApp.csproj", "{6603AC09-5013-4ACB-9C9E-66E83CFD7FF5}"
EndProject
Project("{9A19103F-16F7-4668-BE54-9A1E7A4F7556}") = "Webapplication_API_Client", "Webapplication_API_Client\Webapplication_API_Client.csproj", "{61AB09FC-9261-418E-AC72-594D21311E7F}"
EndProject
Global
	GlobalSection(SolutionConfigurationPlatforms) = preSolution
		Debug|Any CPU = Debug|Any CPU
		Release|Any CPU = Release|Any CPU
	EndGlobalSection
	GlobalSection(ProjectConfigurationPlatforms) = postSolution
		{40E8964C-9872-4F31-955F-B170CEE794D7}.Debug|Any CPU.ActiveCfg = Debug|Any CPU
		{40E8964C-9872-4F31-955F-B170CEE794D7}.Debug|Any CPU.Build.0 = Debug|Any CPU
		{40E8964C-9872-4F31-955F-B170CEE794D7}.Release|Any CPU.ActiveCfg = Release|Any CPU
		{40E8964C-9872-4F31-955F-B170CEE794D7}.Release|Any CPU.Build.0 = Release|Any CPU
		{10529F56-907C-44C9-8C3C-65D6B3AAA27E}.Debug|Any CPU.ActiveCfg = Debug|Any CPU
		{10529F56-907C-44C9-8C3C-65D6B3AAA27E}.Debug|Any CPU.Build.0 = Debug|Any CPU
		{10529F56-907C-44C9-8C3C-65D6B3AAA27E}.Release|Any CPU.ActiveCfg = Release|Any CPU
		{10529F56-907C-44C9-8C3C-65D6B3AAA27E}.Release|Any CPU.Build.0 = Release|Any CPU
		{000A59D8-42A6-4EF9-B5F1-8116290BE79F}.Debug|Any CPU.ActiveCfg = Debug|Any CPU
		{000A59D8-42A6-4EF9-B5F1-8116290BE79F}.Debug|Any CPU.Build.0 = Debug|Any CPU
		{000A59D8-42A6-4EF9-B5F1-8116290BE79F}.Release|Any CPU.ActiveCfg = Release|Any CPU
		{000A59D8-42A6-4EF9-B5F1-8116290BE79F}.Release|Any CPU.Build.0 = Release|Any CPU
		{BAAA3ED0-BA6E-4E9B-815E-E1DDB5ABE913}.Debug|Any CPU.ActiveCfg = Debug|Any CPU
		{BAAA3ED0-BA6E-4E9B-815E-E1DDB5ABE913}.Debug|Any CPU.Build.0 = Debug|Any CPU
		{BAAA3ED0-BA6E-4E9B-815E-E1DDB5ABE913}.Release|Any CPU.ActiveCfg = Release|Any CPU
		{BAAA3ED0-BA6E-4E9B-815E-E1DDB5ABE913}.Release|Any CPU.Build.0 = Release|Any CPU
		{917B3783-9943-4977-90D7-E068D203E0BE}.Debug|Any CPU.ActiveCfg = Debug|Any CPU
		{917B3783-9943-4977-90D7-E068D203E0BE}.Debug|Any CPU.Build.0 = Debug|Any CPU
		{917B3783-9943-4977-90D7-E068D203E0BE}.Release|Any CPU.ActiveCfg = Release|Any CPU
		{917B3783-9943-4977-90D7-E068D203E0BE}.Release|Any CPU.Build.0 = Release|Any CPU
		{D0AAA6C9-CB3D-453E-99F8-61C0FA029BCF}.Debug|Any CPU.ActiveCfg = Debug|Any CPU
		{D0AAA6C9-CB3D-453E-99F8-61C0FA029BCF}.Debug|Any CPU.Build.0 = Debug|Any CPU
		{D0AAA6C9-CB3D-453E-99F8-61C0FA029BCF}.Release|Any CPU.ActiveCfg = Release|Any CPU
		{D0AAA6C9-CB3D-453E-99F8-61C0FA029BCF}.Release|Any CPU.Build.0 = Release|Any CPU
		{4502095D-3BC8-458B-A17C-9C80E6EE754C}.Debug|Any CPU.ActiveCfg = Debug|Any CPU
		{4502095D-3BC8-458B-A17C-9C80E6EE754C}.Debug|Any CPU.Build.0 = Debug|Any CPU
		{4502095D-3BC8-458B-A17C-9C80E6EE754C}.Release|Any CPU.ActiveCfg = Release|Any CPU
		{4502095D-3BC8-458B-A17C-9C80E6EE754C}.Release|Any CPU.Build.0 = Release|Any CPU
		{328FEB26-1797-4006-86E3-F99C2BD2091A}.Debug|Any CPU.ActiveCfg = Debug|Any CPU
		{328FEB26-1797-4006-86E3-F99C2BD2091A}.Debug|Any CPU.Build.0 = Debug|Any CPU
		{328FEB26-1797-4006-86E3-F99C2BD2091A}.Release|Any CPU.ActiveCfg = Release|Any CPU
		{328FEB26-1797-4006-86E3-F99C2BD2091A}.Release|Any CPU.Build.0 = Release|Any CPU
		{CB79AF96-587E-4319-B479-DE90F05DE9B0}.Debug|Any CPU.ActiveCfg = Debug|Any CPU
		{CB79AF96-587E-4319-B479-DE90F05DE9B0}.Debug|Any CPU.Build.0 = Debug|Any CPU
		{CB79AF96-587E-4319-B479-DE90F05DE9B0}.Release|Any CPU.ActiveCfg = Release|Any CPU
		{CB79AF96-587E-4319-B479-DE90F05DE9B0}.Release|Any CPU.Build.0 = Release|Any CPU
		{7DFC102A-DB9E-4295-92F7-51987601BF14}.Debug|Any CPU.ActiveCfg = Debug|Any CPU
		{7DFC102A-DB9E-4295-92F7-51987601BF14}.Debug|Any CPU.Build.0 = Debug|Any CPU
		{7DFC102A-DB9E-4295-92F7-51987601BF14}.Release|Any CPU.ActiveCfg = Release|Any CPU
		{7DFC102A-DB9E-4295-92F7-51987601BF14}.Release|Any CPU.Build.0 = Release|Any CPU
		{1430B773-7677-4AB0-8BEE-E8064FD2F9C9}.Debug|Any CPU.ActiveCfg = Debug|Any CPU
		{1430B773-7677-4AB0-8BEE-E8064FD2F9C9}.Debug|Any CPU.Build.0 = Debug|Any CPU
		{1430B773-7677-4AB0-8BEE-E8064FD2F9C9}.Release|Any CPU.ActiveCfg = Release|Any CPU
		{1430B773-7677-4AB0-8BEE-E8064FD2F9C9}.Release|Any CPU.Build.0 = Release|Any CPU
		{5C62D64A-40C1-4921-ADF2-F66339D7ECB3}.Debug|Any CPU.ActiveCfg = Debug|Any CPU
		{5C62D64A-40C1-4921-ADF2-F66339D7ECB3}.Debug|Any CPU.Build.0 = Debug|Any CPU
		{5C62D64A-40C1-4921-ADF2-F66339D7ECB3}.Release|Any CPU.ActiveCfg = Release|Any CPU
		{5C62D64A-40C1-4921-ADF2-F66339D7ECB3}.Release|Any CPU.Build.0 = Release|Any CPU
		{6603AC09-5013-4ACB-9C9E-66E83CFD7FF5}.Debug|Any CPU.ActiveCfg = Debug|Any CPU
		{6603AC09-5013-4ACB-9C9E-66E83CFD7FF5}.Debug|Any CPU.Build.0 = Debug|Any CPU
		{6603AC09-5013-4ACB-9C9E-66E83CFD7FF5}.Release|Any CPU.ActiveCfg = Release|Any CPU
		{6603AC09-5013-4ACB-9C9E-66E83CFD7FF5}.Release|Any CPU.Build.0 = Release|Any CPU
		{61AB09FC-9261-418E-AC72-594D21311E7F}.Debug|Any CPU.ActiveCfg = Debug|Any CPU
		{61AB09FC-9261-418E-AC72-594D21311E7F}.Debug|Any CPU.Build.0 = Debug|Any CPU
		{61AB09FC-9261-418E-AC72-594D21311E7F}.Release|Any CPU.ActiveCfg = Release|Any CPU
		{61AB09FC-9261-418E-AC72-594D21311E7F}.Release|Any CPU.Build.0 = Release|Any CPU
	EndGlobalSection
	GlobalSection(SolutionProperties) = preSolution
		HideSolutionNode = FALSE
	EndGlobalSection
	GlobalSection(ExtensibilityGlobals) = postSolution
		SolutionGuid = {FA0AB378-09DC-4A7A-871D-A3268CBD9938}
	EndGlobalSection
EndGlobal
