
Microsoft Visual Studio Solution File, Format Version 12.00
# Visual Studio Version 17
VisualStudioVersion = 17.0.31912.275
MinimumVisualStudioVersion = 10.0.40219.1
Project("{9A19103F-16F7-4668-BE54-9A1E7A4F7556}") = "Second.WebUI", "Second.WebUI\Second.WebUI.csproj", "{B40FAB97-441C-4779-8D74-7A869698D055}"
EndProject
Project("{9A19103F-16F7-4668-BE54-9A1E7A4F7556}") = "Second.DataAccess", "Second.DataAccess\Second.DataAccess.csproj", "{E055BFC4-07C9-4C46-88A5-7B37FE385A12}"
EndProject
Project("{9A19103F-16F7-4668-BE54-9A1E7A4F7556}") = "Second.ConsoleApp", "Second.ConsoleApp\Second.ConsoleApp.csproj", "{AA32E8EE-090F-409C-B1B9-54D7DEC79265}"
EndProject
Project("{9A19103F-16F7-4668-BE54-9A1E7A4F7556}") = "Second.Model", "Second.Model\Second.Model.csproj", "{3272B0A9-B456-4342-88BF-E44F694EE513}"
EndProject
Project("{9A19103F-16F7-4668-BE54-9A1E7A4F7556}") = "Second.Utils", "Second.Utils\Second.Utils.csproj", "{A179B49F-5F38-4B17-83BD-99E466D0ADC0}"
EndProject
Project("{9A19103F-16F7-4668-BE54-9A1E7A4F7556}") = "WebApi.ApiKeyAuthentication", "WebApi.ApiKeyAuthentication\WebApi.ApiKeyAuthentication.csproj", "{AD75A8E3-DACF-44FA-9B6D-3AD381EE37CD}"
EndProject
Project("{9A19103F-16F7-4668-BE54-9A1E7A4F7556}") = "WebApi.BasicAuthentication", "WebApi.BasicAuthentication\WebApi.BasicAuthentication.csproj", "{941DEBC0-ED6E-4142-842A-112DAE307440}"
EndProject
Project("{9A19103F-16F7-4668-BE54-9A1E7A4F7556}") = "WebApi.BasicAuthenticationClient", "WebApi.BasicAuthenticationClient\WebApi.BasicAuthenticationClient.csproj", "{445A2521-0E37-490E-8AEC-DD3D0087DC10}"
EndProject
Project("{9A19103F-16F7-4668-BE54-9A1E7A4F7556}") = "WebApi.ApiKeyAuthenticationClient", "WebApi.ApiKeyAuthenticationClient\WebApi.ApiKeyAuthenticationClient.csproj", "{E3195629-98C3-40E9-962C-AF3F86AE7C2A}"
EndProject
Project("{9A19103F-16F7-4668-BE54-9A1E7A4F7556}") = "RapidApiClient", "RapidApiClient\RapidApiClient.csproj", "{3DD0BF92-8B76-44BE-8CF0-CB7CB1FC9DA8}"
EndProject
Project("{9A19103F-16F7-4668-BE54-9A1E7A4F7556}") = "RabbitMQ_Receiver", "RabbitMQ_Receiver\RabbitMQ_Receiver.csproj", "{05350D02-F972-4507-B7DB-F4724E869178}"
EndProject
Project("{9A19103F-16F7-4668-BE54-9A1E7A4F7556}") = "RabbitMQ_Sender", "RabbitMQ_Sender\RabbitMQ_Sender.csproj", "{6083FD13-B1AD-4C9E-A7BF-F026AE663D38}"
EndProject
Project("{9A19103F-16F7-4668-BE54-9A1E7A4F7556}") = "WebUI.SessionAuthorization", "WebUI.SessionAuthorization\WebUI.SessionAuthorization.csproj", "{170C7C40-B522-4FBA-8740-96CF2E0C9558}"
EndProject
Project("{9A19103F-16F7-4668-BE54-9A1E7A4F7556}") = "WebUI.CookiesAuthorization", "WebUI.CookiesAuthorization\WebUI.CookiesAuthorization.csproj", "{F0E1E11E-ACFA-49FB-A5F1-E151423CA24D}"
EndProject
Project("{9A19103F-16F7-4668-BE54-9A1E7A4F7556}") = "WebUI.MiddlewareAuthorization", "WebUI.MiddlewareAuthorization\WebUI.MiddlewareAuthorization.csproj", "{A7AED5E4-EF54-42CB-B412-62B648CECEF0}"
EndProject
Project("{2150E333-8FDC-42A3-9474-1A3956D46DE8}") = "Solution Items", "Solution Items", "{FBDB3FB0-A419-40D6-B4CA-60FB80178419}"
	ProjectSection(SolutionItems) = preProject
		ApplicationDb.sql = ApplicationDb.sql
		sql-server-sakila-insert-data.sql = sql-server-sakila-insert-data.sql
		sql-server-sakila-schema.sql = sql-server-sakila-schema.sql
	EndProjectSection
EndProject
Project("{9A19103F-16F7-4668-BE54-9A1E7A4F7556}") = "Second.Scheduler", "Second.Scheduler\Second.Scheduler.csproj", "{B0425F27-9B81-4C52-8D6B-EA9BD266FD02}"
EndProject
Project("{9A19103F-16F7-4668-BE54-9A1E7A4F7556}") = "Second.Services", "Second.Services\Second.Services.csproj", "{53C279FE-9298-4349-936C-168A9B28CB9C}"
EndProject
Project("{FAE04EC0-301F-11D3-BF4B-00C04F79EFBC}") = "WebApi.CertificateAuthentication", "WebApi.CertificateAuthentication\WebApi.CertificateAuthentication.csproj", "{D287D9AA-0C03-46E0-B5C3-9791539304BE}"
EndProject
Project("{FAE04EC0-301F-11D3-BF4B-00C04F79EFBC}") = "WebApi.CertificateAuthenticationClient", "WebApi.CertificateAuthenticationClient\WebApi.CertificateAuthenticationClient.csproj", "{C07AFA5B-4CE9-4AB6-B196-5AB5688BF379}"
EndProject
Global
	GlobalSection(SolutionConfigurationPlatforms) = preSolution
		Debug|Any CPU = Debug|Any CPU
		Release|Any CPU = Release|Any CPU
	EndGlobalSection
	GlobalSection(ProjectConfigurationPlatforms) = postSolution
		{B40FAB97-441C-4779-8D74-7A869698D055}.Debug|Any CPU.ActiveCfg = Debug|Any CPU
		{B40FAB97-441C-4779-8D74-7A869698D055}.Debug|Any CPU.Build.0 = Debug|Any CPU
		{B40FAB97-441C-4779-8D74-7A869698D055}.Release|Any CPU.ActiveCfg = Release|Any CPU
		{B40FAB97-441C-4779-8D74-7A869698D055}.Release|Any CPU.Build.0 = Release|Any CPU
		{E055BFC4-07C9-4C46-88A5-7B37FE385A12}.Debug|Any CPU.ActiveCfg = Debug|Any CPU
		{E055BFC4-07C9-4C46-88A5-7B37FE385A12}.Debug|Any CPU.Build.0 = Debug|Any CPU
		{E055BFC4-07C9-4C46-88A5-7B37FE385A12}.Release|Any CPU.ActiveCfg = Release|Any CPU
		{E055BFC4-07C9-4C46-88A5-7B37FE385A12}.Release|Any CPU.Build.0 = Release|Any CPU
		{AA32E8EE-090F-409C-B1B9-54D7DEC79265}.Debug|Any CPU.ActiveCfg = Debug|Any CPU
		{AA32E8EE-090F-409C-B1B9-54D7DEC79265}.Debug|Any CPU.Build.0 = Debug|Any CPU
		{AA32E8EE-090F-409C-B1B9-54D7DEC79265}.Release|Any CPU.ActiveCfg = Release|Any CPU
		{AA32E8EE-090F-409C-B1B9-54D7DEC79265}.Release|Any CPU.Build.0 = Release|Any CPU
		{3272B0A9-B456-4342-88BF-E44F694EE513}.Debug|Any CPU.ActiveCfg = Debug|Any CPU
		{3272B0A9-B456-4342-88BF-E44F694EE513}.Debug|Any CPU.Build.0 = Debug|Any CPU
		{3272B0A9-B456-4342-88BF-E44F694EE513}.Release|Any CPU.ActiveCfg = Release|Any CPU
		{3272B0A9-B456-4342-88BF-E44F694EE513}.Release|Any CPU.Build.0 = Release|Any CPU
		{A179B49F-5F38-4B17-83BD-99E466D0ADC0}.Debug|Any CPU.ActiveCfg = Debug|Any CPU
		{A179B49F-5F38-4B17-83BD-99E466D0ADC0}.Debug|Any CPU.Build.0 = Debug|Any CPU
		{A179B49F-5F38-4B17-83BD-99E466D0ADC0}.Release|Any CPU.ActiveCfg = Release|Any CPU
		{A179B49F-5F38-4B17-83BD-99E466D0ADC0}.Release|Any CPU.Build.0 = Release|Any CPU
		{AD75A8E3-DACF-44FA-9B6D-3AD381EE37CD}.Debug|Any CPU.ActiveCfg = Debug|Any CPU
		{AD75A8E3-DACF-44FA-9B6D-3AD381EE37CD}.Debug|Any CPU.Build.0 = Debug|Any CPU
		{AD75A8E3-DACF-44FA-9B6D-3AD381EE37CD}.Release|Any CPU.ActiveCfg = Release|Any CPU
		{AD75A8E3-DACF-44FA-9B6D-3AD381EE37CD}.Release|Any CPU.Build.0 = Release|Any CPU
		{941DEBC0-ED6E-4142-842A-112DAE307440}.Debug|Any CPU.ActiveCfg = Debug|Any CPU
		{941DEBC0-ED6E-4142-842A-112DAE307440}.Debug|Any CPU.Build.0 = Debug|Any CPU
		{941DEBC0-ED6E-4142-842A-112DAE307440}.Release|Any CPU.ActiveCfg = Release|Any CPU
		{941DEBC0-ED6E-4142-842A-112DAE307440}.Release|Any CPU.Build.0 = Release|Any CPU
		{445A2521-0E37-490E-8AEC-DD3D0087DC10}.Debug|Any CPU.ActiveCfg = Debug|Any CPU
		{445A2521-0E37-490E-8AEC-DD3D0087DC10}.Debug|Any CPU.Build.0 = Debug|Any CPU
		{445A2521-0E37-490E-8AEC-DD3D0087DC10}.Release|Any CPU.ActiveCfg = Release|Any CPU
		{445A2521-0E37-490E-8AEC-DD3D0087DC10}.Release|Any CPU.Build.0 = Release|Any CPU
		{E3195629-98C3-40E9-962C-AF3F86AE7C2A}.Debug|Any CPU.ActiveCfg = Debug|Any CPU
		{E3195629-98C3-40E9-962C-AF3F86AE7C2A}.Debug|Any CPU.Build.0 = Debug|Any CPU
		{E3195629-98C3-40E9-962C-AF3F86AE7C2A}.Release|Any CPU.ActiveCfg = Release|Any CPU
		{E3195629-98C3-40E9-962C-AF3F86AE7C2A}.Release|Any CPU.Build.0 = Release|Any CPU
		{3DD0BF92-8B76-44BE-8CF0-CB7CB1FC9DA8}.Debug|Any CPU.ActiveCfg = Debug|Any CPU
		{3DD0BF92-8B76-44BE-8CF0-CB7CB1FC9DA8}.Debug|Any CPU.Build.0 = Debug|Any CPU
		{3DD0BF92-8B76-44BE-8CF0-CB7CB1FC9DA8}.Release|Any CPU.ActiveCfg = Release|Any CPU
		{3DD0BF92-8B76-44BE-8CF0-CB7CB1FC9DA8}.Release|Any CPU.Build.0 = Release|Any CPU
		{05350D02-F972-4507-B7DB-F4724E869178}.Debug|Any CPU.ActiveCfg = Debug|Any CPU
		{05350D02-F972-4507-B7DB-F4724E869178}.Debug|Any CPU.Build.0 = Debug|Any CPU
		{05350D02-F972-4507-B7DB-F4724E869178}.Release|Any CPU.ActiveCfg = Release|Any CPU
		{05350D02-F972-4507-B7DB-F4724E869178}.Release|Any CPU.Build.0 = Release|Any CPU
		{6083FD13-B1AD-4C9E-A7BF-F026AE663D38}.Debug|Any CPU.ActiveCfg = Debug|Any CPU
		{6083FD13-B1AD-4C9E-A7BF-F026AE663D38}.Debug|Any CPU.Build.0 = Debug|Any CPU
		{6083FD13-B1AD-4C9E-A7BF-F026AE663D38}.Release|Any CPU.ActiveCfg = Release|Any CPU
		{6083FD13-B1AD-4C9E-A7BF-F026AE663D38}.Release|Any CPU.Build.0 = Release|Any CPU
		{170C7C40-B522-4FBA-8740-96CF2E0C9558}.Debug|Any CPU.ActiveCfg = Debug|Any CPU
		{170C7C40-B522-4FBA-8740-96CF2E0C9558}.Debug|Any CPU.Build.0 = Debug|Any CPU
		{170C7C40-B522-4FBA-8740-96CF2E0C9558}.Release|Any CPU.ActiveCfg = Release|Any CPU
		{170C7C40-B522-4FBA-8740-96CF2E0C9558}.Release|Any CPU.Build.0 = Release|Any CPU
		{F0E1E11E-ACFA-49FB-A5F1-E151423CA24D}.Debug|Any CPU.ActiveCfg = Debug|Any CPU
		{F0E1E11E-ACFA-49FB-A5F1-E151423CA24D}.Debug|Any CPU.Build.0 = Debug|Any CPU
		{F0E1E11E-ACFA-49FB-A5F1-E151423CA24D}.Release|Any CPU.ActiveCfg = Release|Any CPU
		{F0E1E11E-ACFA-49FB-A5F1-E151423CA24D}.Release|Any CPU.Build.0 = Release|Any CPU
		{A7AED5E4-EF54-42CB-B412-62B648CECEF0}.Debug|Any CPU.ActiveCfg = Debug|Any CPU
		{A7AED5E4-EF54-42CB-B412-62B648CECEF0}.Debug|Any CPU.Build.0 = Debug|Any CPU
		{A7AED5E4-EF54-42CB-B412-62B648CECEF0}.Release|Any CPU.ActiveCfg = Release|Any CPU
		{A7AED5E4-EF54-42CB-B412-62B648CECEF0}.Release|Any CPU.Build.0 = Release|Any CPU
		{B0425F27-9B81-4C52-8D6B-EA9BD266FD02}.Debug|Any CPU.ActiveCfg = Debug|Any CPU
		{B0425F27-9B81-4C52-8D6B-EA9BD266FD02}.Debug|Any CPU.Build.0 = Debug|Any CPU
		{B0425F27-9B81-4C52-8D6B-EA9BD266FD02}.Release|Any CPU.ActiveCfg = Release|Any CPU
		{B0425F27-9B81-4C52-8D6B-EA9BD266FD02}.Release|Any CPU.Build.0 = Release|Any CPU
		{53C279FE-9298-4349-936C-168A9B28CB9C}.Debug|Any CPU.ActiveCfg = Debug|Any CPU
		{53C279FE-9298-4349-936C-168A9B28CB9C}.Debug|Any CPU.Build.0 = Debug|Any CPU
		{53C279FE-9298-4349-936C-168A9B28CB9C}.Release|Any CPU.ActiveCfg = Release|Any CPU
		{53C279FE-9298-4349-936C-168A9B28CB9C}.Release|Any CPU.Build.0 = Release|Any CPU
		{D287D9AA-0C03-46E0-B5C3-9791539304BE}.Debug|Any CPU.ActiveCfg = Debug|Any CPU
		{D287D9AA-0C03-46E0-B5C3-9791539304BE}.Debug|Any CPU.Build.0 = Debug|Any CPU
		{D287D9AA-0C03-46E0-B5C3-9791539304BE}.Release|Any CPU.ActiveCfg = Release|Any CPU
		{D287D9AA-0C03-46E0-B5C3-9791539304BE}.Release|Any CPU.Build.0 = Release|Any CPU
		{C07AFA5B-4CE9-4AB6-B196-5AB5688BF379}.Debug|Any CPU.ActiveCfg = Debug|Any CPU
		{C07AFA5B-4CE9-4AB6-B196-5AB5688BF379}.Debug|Any CPU.Build.0 = Debug|Any CPU
		{C07AFA5B-4CE9-4AB6-B196-5AB5688BF379}.Release|Any CPU.ActiveCfg = Release|Any CPU
		{C07AFA5B-4CE9-4AB6-B196-5AB5688BF379}.Release|Any CPU.Build.0 = Release|Any CPU
	EndGlobalSection
	GlobalSection(SolutionProperties) = preSolution
		HideSolutionNode = FALSE
	EndGlobalSection
	GlobalSection(ExtensibilityGlobals) = postSolution
		SolutionGuid = {CEE369E2-F30A-46B4-AFA8-D32C06045354}
	EndGlobalSection
	GlobalSection(AutomaticVersions) = postSolution
		UpdateAssemblyVersion = False
		UpdateAssemblyFileVersion = False
		UpdateAssemblyInfoVersion = False
		UpdatePackageVersion = False
		AssemblyInfoVersionType = SettingsVersion
		InheritWinAppVersionFrom = None
	EndGlobalSection
EndGlobal
