
Microsoft Visual Studio Solution File, Format Version 12.00
# Visual Studio Version 16
VisualStudioVersion = 16.0.30804.86
MinimumVisualStudioVersion = 10.0.40219.1
Project("{9A19103F-16F7-4668-BE54-9A1E7A4F7556}") = "Second.WebUI", "Second.WebUI\Second.WebUI.csproj", "{B40FAB97-441C-4779-8D74-7A869698D055}"
EndProject
Project("{9A19103F-16F7-4668-BE54-9A1E7A4F7556}") = "Second.DataAccess", "Second.DataAccess\Second.DataAccess.csproj", "{E055BFC4-07C9-4C46-88A5-7B37FE385A12}"
EndProject
Project("{9A19103F-16F7-4668-BE54-9A1E7A4F7556}") = "Second.ConsoleApp", "Second.ConsoleApp\Second.ConsoleApp.csproj", "{AA32E8EE-090F-409C-B1B9-54D7DEC79265}"
EndProject
Project("{FAE04EC0-301F-11D3-BF4B-00C04F79EFBC}") = "Second.Model", "Second.Model\Second.Model.csproj", "{3272B0A9-B456-4342-88BF-E44F694EE513}"
EndProject
Global
	GlobalSection(SolutionConfigurationPlatforms) = preSolution
		Debug|Any CPU = Debug|Any CPU
		Release|Any CPU = Release|Any CPU
	EndGlobalSection
	GlobalSection(ProjectConfigurationPlatforms) = postSolution
		{B40FAB97-441C-4779-8D74-7A869698D055}.Debug|Any CPU.ActiveCfg = Debug|Any CPU
		{B40FAB97-441C-4779-8D74-7A869698D055}.Debug|Any CPU.Build.0 = Debug|Any CPU
		{B40FAB97-441C-4779-8D74-7A869698D055}.Release|Any CPU.ActiveCfg = Release|Any CPU
		{B40FAB97-441C-4779-8D74-7A869698D055}.Release|Any CPU.Build.0 = Release|Any CPU
		{E055BFC4-07C9-4C46-88A5-7B37FE385A12}.Debug|Any CPU.ActiveCfg = Debug|Any CPU
		{E055BFC4-07C9-4C46-88A5-7B37FE385A12}.Debug|Any CPU.Build.0 = Debug|Any CPU
		{E055BFC4-07C9-4C46-88A5-7B37FE385A12}.Release|Any CPU.ActiveCfg = Release|Any CPU
		{E055BFC4-07C9-4C46-88A5-7B37FE385A12}.Release|Any CPU.Build.0 = Release|Any CPU
		{AA32E8EE-090F-409C-B1B9-54D7DEC79265}.Debug|Any CPU.ActiveCfg = Debug|Any CPU
		{AA32E8EE-090F-409C-B1B9-54D7DEC79265}.Debug|Any CPU.Build.0 = Debug|Any CPU
		{AA32E8EE-090F-409C-B1B9-54D7DEC79265}.Release|Any CPU.ActiveCfg = Release|Any CPU
		{AA32E8EE-090F-409C-B1B9-54D7DEC79265}.Release|Any CPU.Build.0 = Release|Any CPU
		{3272B0A9-B456-4342-88BF-E44F694EE513}.Debug|Any CPU.ActiveCfg = Debug|Any CPU
		{3272B0A9-B456-4342-88BF-E44F694EE513}.Debug|Any CPU.Build.0 = Debug|Any CPU
		{3272B0A9-B456-4342-88BF-E44F694EE513}.Release|Any CPU.ActiveCfg = Release|Any CPU
		{3272B0A9-B456-4342-88BF-E44F694EE513}.Release|Any CPU.Build.0 = Release|Any CPU
	EndGlobalSection
	GlobalSection(SolutionProperties) = preSolution
		HideSolutionNode = FALSE
	EndGlobalSection
	GlobalSection(ExtensibilityGlobals) = postSolution
		SolutionGuid = {CEE369E2-F30A-46B4-AFA8-D32C06045354}
	EndGlobalSection
EndGlobal
