
Microsoft Visual Studio Solution File, Format Version 12.00
# Visual Studio Version 17
VisualStudioVersion = 17.0.32002.185
MinimumVisualStudioVersion = 10.0.40219.1
Project("{9A19103F-16F7-4668-BE54-9A1E7A4F7556}") = "DependencyInjection.ServiceProvider", "DependencyInjection.ServiceProvider\DependencyInjection.ServiceProvider.csproj", "{8D2F063F-E91D-4F74-A0CE-99307616F27B}"
EndProject
Project("{FAE04EC0-301F-11D3-BF4B-00C04F79EFBC}") = "DependencyInjection.Basics", "DependencyInjection.Basics\DependencyInjection.Basics.csproj", "{C41CE64B-81E8-49E0-AE2C-A2ACB8F77BC5}"
EndProject
Project("{FAE04EC0-301F-11D3-BF4B-00C04F79EFBC}") = "DependencyInjection.MultipleRegistration", "DependencyInjection.MultipleRegistration\DependencyInjection.MultipleRegistration.csproj", "{A5D9A8AE-6A41-475A-8F0B-06A29AB306F5}"
EndProject
Project("{FAE04EC0-301F-11D3-BF4B-00C04F79EFBC}") = "DependencyInjection.Options", "DependencyInjection.Options\DependencyInjection.Options.csproj", "{AFAC2E20-E63C-4097-9AC6-EA6C6707D1AE}"
EndProject
Project("{FAE04EC0-301F-11D3-BF4B-00C04F79EFBC}") = "DependencyInjection.AutofacTest", "DependencyInjection.AutofacTest\DependencyInjection.AutofacTest.csproj", "{99332911-1378-4C65-8E89-A8376496120F}"
EndProject
Global
	GlobalSection(SolutionConfigurationPlatforms) = preSolution
		Debug|Any CPU = Debug|Any CPU
		Release|Any CPU = Release|Any CPU
	EndGlobalSection
	GlobalSection(ProjectConfigurationPlatforms) = postSolution
		{8D2F063F-E91D-4F74-A0CE-99307616F27B}.Debug|Any CPU.ActiveCfg = Debug|Any CPU
		{8D2F063F-E91D-4F74-A0CE-99307616F27B}.Debug|Any CPU.Build.0 = Debug|Any CPU
		{8D2F063F-E91D-4F74-A0CE-99307616F27B}.Release|Any CPU.ActiveCfg = Release|Any CPU
		{8D2F063F-E91D-4F74-A0CE-99307616F27B}.Release|Any CPU.Build.0 = Release|Any CPU
		{C41CE64B-81E8-49E0-AE2C-A2ACB8F77BC5}.Debug|Any CPU.ActiveCfg = Debug|Any CPU
		{C41CE64B-81E8-49E0-AE2C-A2ACB8F77BC5}.Debug|Any CPU.Build.0 = Debug|Any CPU
		{C41CE64B-81E8-49E0-AE2C-A2ACB8F77BC5}.Release|Any CPU.ActiveCfg = Release|Any CPU
		{C41CE64B-81E8-49E0-AE2C-A2ACB8F77BC5}.Release|Any CPU.Build.0 = Release|Any CPU
		{A5D9A8AE-6A41-475A-8F0B-06A29AB306F5}.Debug|Any CPU.ActiveCfg = Debug|Any CPU
		{A5D9A8AE-6A41-475A-8F0B-06A29AB306F5}.Debug|Any CPU.Build.0 = Debug|Any CPU
		{A5D9A8AE-6A41-475A-8F0B-06A29AB306F5}.Release|Any CPU.ActiveCfg = Release|Any CPU
		{A5D9A8AE-6A41-475A-8F0B-06A29AB306F5}.Release|Any CPU.Build.0 = Release|Any CPU
		{AFAC2E20-E63C-4097-9AC6-EA6C6707D1AE}.Debug|Any CPU.ActiveCfg = Debug|Any CPU
		{AFAC2E20-E63C-4097-9AC6-EA6C6707D1AE}.Debug|Any CPU.Build.0 = Debug|Any CPU
		{AFAC2E20-E63C-4097-9AC6-EA6C6707D1AE}.Release|Any CPU.ActiveCfg = Release|Any CPU
		{AFAC2E20-E63C-4097-9AC6-EA6C6707D1AE}.Release|Any CPU.Build.0 = Release|Any CPU
		{99332911-1378-4C65-8E89-A8376496120F}.Debug|Any CPU.ActiveCfg = Debug|Any CPU
		{99332911-1378-4C65-8E89-A8376496120F}.Debug|Any CPU.Build.0 = Debug|Any CPU
		{99332911-1378-4C65-8E89-A8376496120F}.Release|Any CPU.ActiveCfg = Release|Any CPU
		{99332911-1378-4C65-8E89-A8376496120F}.Release|Any CPU.Build.0 = Release|Any CPU
	EndGlobalSection
	GlobalSection(SolutionProperties) = preSolution
		HideSolutionNode = FALSE
	EndGlobalSection
	GlobalSection(ExtensibilityGlobals) = postSolution
		SolutionGuid = {6AB9FCAE-EE5A-4D21-9CA3-CAC9BEB7668B}
	EndGlobalSection
EndGlobal
